
Microsoft Visual Studio Solution File, Format Version 12.00
# Visual Studio 14
VisualStudioVersion = 14.0.25420.1
MinimumVisualStudioVersion = 10.0.40219.1
Project("{FAE04EC0-301F-11D3-BF4B-00C04F79EFBC}") = "NGKS.Entities", "NGKS.Entities\NGKS.Entities.csproj", "{216419E8-152F-4FC3-BBA5-E8890A0DE935}"
EndProject
Project("{FAE04EC0-301F-11D3-BF4B-00C04F79EFBC}") = "NGKS.Data", "NGKS.Data\NGKS.Data.csproj", "{26AF7948-F1AE-405F-B9D1-FB6251E72118}"
EndProject
Project("{FAE04EC0-301F-11D3-BF4B-00C04F79EFBC}") = "NGKS.Services", "NGKS.Services\NGKS.Services.csproj", "{30769BC2-E230-4DC8-BE96-CDF337A4C3E8}"
EndProject
Project("{FAE04EC0-301F-11D3-BF4B-00C04F79EFBC}") = "NGKS.Web", "NGKS.Web\NGKS.Web.csproj", "{C5E5878F-63AA-4F69-B06C-F28AF513DC78}"
EndProject
Global
	GlobalSection(SolutionConfigurationPlatforms) = preSolution
		Debug|Any CPU = Debug|Any CPU
		Release|Any CPU = Release|Any CPU
	EndGlobalSection
	GlobalSection(ProjectConfigurationPlatforms) = postSolution
		{216419E8-152F-4FC3-BBA5-E8890A0DE935}.Debug|Any CPU.ActiveCfg = Debug|Any CPU
		{216419E8-152F-4FC3-BBA5-E8890A0DE935}.Debug|Any CPU.Build.0 = Debug|Any CPU
		{216419E8-152F-4FC3-BBA5-E8890A0DE935}.Release|Any CPU.ActiveCfg = Release|Any CPU
		{216419E8-152F-4FC3-BBA5-E8890A0DE935}.Release|Any CPU.Build.0 = Release|Any CPU
		{26AF7948-F1AE-405F-B9D1-FB6251E72118}.Debug|Any CPU.ActiveCfg = Debug|Any CPU
		{26AF7948-F1AE-405F-B9D1-FB6251E72118}.Debug|Any CPU.Build.0 = Debug|Any CPU
		{26AF7948-F1AE-405F-B9D1-FB6251E72118}.Release|Any CPU.ActiveCfg = Release|Any CPU
		{26AF7948-F1AE-405F-B9D1-FB6251E72118}.Release|Any CPU.Build.0 = Release|Any CPU
		{30769BC2-E230-4DC8-BE96-CDF337A4C3E8}.Debug|Any CPU.ActiveCfg = Debug|Any CPU
		{30769BC2-E230-4DC8-BE96-CDF337A4C3E8}.Debug|Any CPU.Build.0 = Debug|Any CPU
		{30769BC2-E230-4DC8-BE96-CDF337A4C3E8}.Release|Any CPU.ActiveCfg = Release|Any CPU
		{30769BC2-E230-4DC8-BE96-CDF337A4C3E8}.Release|Any CPU.Build.0 = Release|Any CPU
		{C5E5878F-63AA-4F69-B06C-F28AF513DC78}.Debug|Any CPU.ActiveCfg = Debug|Any CPU
		{C5E5878F-63AA-4F69-B06C-F28AF513DC78}.Debug|Any CPU.Build.0 = Debug|Any CPU
		{C5E5878F-63AA-4F69-B06C-F28AF513DC78}.Release|Any CPU.ActiveCfg = Release|Any CPU
		{C5E5878F-63AA-4F69-B06C-F28AF513DC78}.Release|Any CPU.Build.0 = Release|Any CPU
	EndGlobalSection
	GlobalSection(SolutionProperties) = preSolution
		HideSolutionNode = FALSE
	EndGlobalSection
EndGlobal
